
Microsoft Visual Studio Solution File, Format Version 12.00
# Visual Studio Version 17
VisualStudioVersion = 17.2.32630.192
MinimumVisualStudioVersion = 10.0.40219.1
Project("{FAE04EC0-301F-11D3-BF4B-00C04F79EFBC}") = "StarfleetShipyard.UI.MVC", "StarfleetShipyard.UI.MVC\StarfleetShipyard.UI.MVC.csproj", "{F43553C3-DD22-4A75-870C-DF0492896E58}"
EndProject
Project("{FAE04EC0-301F-11D3-BF4B-00C04F79EFBC}") = "StarfleetShipyard.DATA.EF", "StarfleetShipyard.DATA.EF\StarfleetShipyard.DATA.EF.csproj", "{DAD86428-D280-4C84-9B72-406781CE660A}"
EndProject
Global
	GlobalSection(SolutionConfigurationPlatforms) = preSolution
		Debug|Any CPU = Debug|Any CPU
		Release|Any CPU = Release|Any CPU
	EndGlobalSection
	GlobalSection(ProjectConfigurationPlatforms) = postSolution
		{F43553C3-DD22-4A75-870C-DF0492896E58}.Debug|Any CPU.ActiveCfg = Debug|Any CPU
		{F43553C3-DD22-4A75-870C-DF0492896E58}.Debug|Any CPU.Build.0 = Debug|Any CPU
		{F43553C3-DD22-4A75-870C-DF0492896E58}.Release|Any CPU.ActiveCfg = Release|Any CPU
		{F43553C3-DD22-4A75-870C-DF0492896E58}.Release|Any CPU.Build.0 = Release|Any CPU
		{DAD86428-D280-4C84-9B72-406781CE660A}.Debug|Any CPU.ActiveCfg = Debug|Any CPU
		{DAD86428-D280-4C84-9B72-406781CE660A}.Debug|Any CPU.Build.0 = Debug|Any CPU
		{DAD86428-D280-4C84-9B72-406781CE660A}.Release|Any CPU.ActiveCfg = Release|Any CPU
		{DAD86428-D280-4C84-9B72-406781CE660A}.Release|Any CPU.Build.0 = Release|Any CPU
	EndGlobalSection
	GlobalSection(SolutionProperties) = preSolution
		HideSolutionNode = FALSE
	EndGlobalSection
	GlobalSection(ExtensibilityGlobals) = postSolution
		SolutionGuid = {E84A7FB9-725B-42CE-96CA-DF6D4EA58DFD}
	EndGlobalSection
EndGlobal
